
Microsoft Visual Studio Solution File, Format Version 12.00
# Visual Studio Version 16
VisualStudioVersion = 16.0.29025.244
MinimumVisualStudioVersion = 10.0.40219.1
Project("{8BC9CEB8-8B4A-11D0-8D11-00A0C91BC942}") = "chip8_emu", "chip8_emu.vcxproj", "{C752892C-ADA6-494D-95A5-E897685C3502}"
EndProject
Global
	GlobalSection(SolutionConfigurationPlatforms) = preSolution
		Debug|x64 = Debug|x64
		Debug|x86 = Debug|x86
		Release|x64 = Release|x64
		Release|x86 = Release|x86
	EndGlobalSection
	GlobalSection(ProjectConfigurationPlatforms) = postSolution
		{C752892C-ADA6-494D-95A5-E897685C3502}.Debug|x64.ActiveCfg = Debug|x64
		{C752892C-ADA6-494D-95A5-E897685C3502}.Debug|x64.Build.0 = Debug|x64
		{C752892C-ADA6-494D-95A5-E897685C3502}.Debug|x86.ActiveCfg = Debug|Win32
		{C752892C-ADA6-494D-95A5-E897685C3502}.Debug|x86.Build.0 = Debug|Win32
		{C752892C-ADA6-494D-95A5-E897685C3502}.Release|x64.ActiveCfg = Release|x64
		{C752892C-ADA6-494D-95A5-E897685C3502}.Release|x64.Build.0 = Release|x64
		{C752892C-ADA6-494D-95A5-E897685C3502}.Release|x86.ActiveCfg = Release|Win32
		{C752892C-ADA6-494D-95A5-E897685C3502}.Release|x86.Build.0 = Release|Win32
	EndGlobalSection
	GlobalSection(SolutionProperties) = preSolution
		HideSolutionNode = FALSE
	EndGlobalSection
	GlobalSection(ExtensibilityGlobals) = postSolution
		SolutionGuid = {B5C3094A-8E48-427F-883E-6391EF10A566}
	EndGlobalSection
EndGlobal
